
Microsoft Visual Studio Solution File, Format Version 12.00
# Visual Studio Version 17
VisualStudioVersion = 17.5.002.0
MinimumVisualStudioVersion = 10.0.40219.1
Project("{9A19103F-16F7-4668-BE54-9A1E7A4F7556}") = "TodoApi", "TodoApi.csproj", "{C150BAC4-AD3C-482C-A239-B033EB23A2C4}"
EndProject
Global
	GlobalSection(SolutionConfigurationPlatforms) = preSolution
		Debug|Any CPU = Debug|Any CPU
		Release|Any CPU = Release|Any CPU
	EndGlobalSection
	GlobalSection(ProjectConfigurationPlatforms) = postSolution
		{C150BAC4-AD3C-482C-A239-B033EB23A2C4}.Debug|Any CPU.ActiveCfg = Debug|Any CPU
		{C150BAC4-AD3C-482C-A239-B033EB23A2C4}.Debug|Any CPU.Build.0 = Debug|Any CPU
		{C150BAC4-AD3C-482C-A239-B033EB23A2C4}.Release|Any CPU.ActiveCfg = Release|Any CPU
		{C150BAC4-AD3C-482C-A239-B033EB23A2C4}.Release|Any CPU.Build.0 = Release|Any CPU
	EndGlobalSection
	GlobalSection(SolutionProperties) = preSolution
		HideSolutionNode = FALSE
	EndGlobalSection
	GlobalSection(ExtensibilityGlobals) = postSolution
		SolutionGuid = {C97B46C7-B39F-43EC-BB75-044E9C0BC55E}
	EndGlobalSection
EndGlobal
